
Microsoft Visual Studio Solution File, Format Version 12.00
# Visual Studio 15
VisualStudioVersion = 15.0.27130.2027
MinimumVisualStudioVersion = 10.0.40219.1
Project("{9092AA53-FB77-4645-B42D-1CCCA6BD08BD}") = "karmatest", "karmatest.njsproj", "{8AF2E6F7-F1F5-484C-905C-AA9660658B15}"
EndProject
Global
	GlobalSection(SolutionConfigurationPlatforms) = preSolution
		Debug|Any CPU = Debug|Any CPU
		Release|Any CPU = Release|Any CPU
	EndGlobalSection
	GlobalSection(ProjectConfigurationPlatforms) = postSolution
		{8AF2E6F7-F1F5-484C-905C-AA9660658B15}.Debug|Any CPU.ActiveCfg = Debug|Any CPU
		{8AF2E6F7-F1F5-484C-905C-AA9660658B15}.Debug|Any CPU.Build.0 = Debug|Any CPU
		{8AF2E6F7-F1F5-484C-905C-AA9660658B15}.Release|Any CPU.ActiveCfg = Release|Any CPU
		{8AF2E6F7-F1F5-484C-905C-AA9660658B15}.Release|Any CPU.Build.0 = Release|Any CPU
	EndGlobalSection
	GlobalSection(SolutionProperties) = preSolution
		HideSolutionNode = FALSE
	EndGlobalSection
	GlobalSection(ExtensibilityGlobals) = postSolution
		SolutionGuid = {E8C8DBD9-2AE1-423B-9169-207A7D2584DB}
	EndGlobalSection
EndGlobal
